
Microsoft Visual Studio Solution File, Format Version 12.00
# Visual Studio Version 16
VisualStudioVersion = 16.0.31025.194
MinimumVisualStudioVersion = 10.0.40219.1
Project("{FAE04EC0-301F-11D3-BF4B-00C04F79EFBC}") = "MaciejKopinskiLab2ZadDom", "MaciejKopinskiLab2ZadDom\MaciejKopinskiLab2ZadDom.csproj", "{8E89FD8D-AB25-42BA-9AA5-BC42C5B8ACE0}"
EndProject
Global
	GlobalSection(SolutionConfigurationPlatforms) = preSolution
		Debug|Any CPU = Debug|Any CPU
		Release|Any CPU = Release|Any CPU
	EndGlobalSection
	GlobalSection(ProjectConfigurationPlatforms) = postSolution
		{8E89FD8D-AB25-42BA-9AA5-BC42C5B8ACE0}.Debug|Any CPU.ActiveCfg = Debug|Any CPU
		{8E89FD8D-AB25-42BA-9AA5-BC42C5B8ACE0}.Debug|Any CPU.Build.0 = Debug|Any CPU
		{8E89FD8D-AB25-42BA-9AA5-BC42C5B8ACE0}.Release|Any CPU.ActiveCfg = Release|Any CPU
		{8E89FD8D-AB25-42BA-9AA5-BC42C5B8ACE0}.Release|Any CPU.Build.0 = Release|Any CPU
	EndGlobalSection
	GlobalSection(SolutionProperties) = preSolution
		HideSolutionNode = FALSE
	EndGlobalSection
	GlobalSection(ExtensibilityGlobals) = postSolution
		SolutionGuid = {23EAAAE9-CA3D-4D1D-A511-E5910FDED62B}
	EndGlobalSection
EndGlobal
