
Microsoft Visual Studio Solution File, Format Version 12.00
# Visual Studio Version 16
VisualStudioVersion = 16.0.31025.194
MinimumVisualStudioVersion = 10.0.40219.1
Project("{FAE04EC0-301F-11D3-BF4B-00C04F79EFBC}") = "MaciejKopińskiLab1", "MaciejKopińskiLab1\MaciejKopińskiLab1.csproj", "{5270A050-9918-48DA-9546-6D92AD16F15A}"
EndProject
Global
	GlobalSection(SolutionConfigurationPlatforms) = preSolution
		Debug|Any CPU = Debug|Any CPU
		Release|Any CPU = Release|Any CPU
	EndGlobalSection
	GlobalSection(ProjectConfigurationPlatforms) = postSolution
		{5270A050-9918-48DA-9546-6D92AD16F15A}.Debug|Any CPU.ActiveCfg = Debug|Any CPU
		{5270A050-9918-48DA-9546-6D92AD16F15A}.Debug|Any CPU.Build.0 = Debug|Any CPU
		{5270A050-9918-48DA-9546-6D92AD16F15A}.Release|Any CPU.ActiveCfg = Release|Any CPU
		{5270A050-9918-48DA-9546-6D92AD16F15A}.Release|Any CPU.Build.0 = Release|Any CPU
	EndGlobalSection
	GlobalSection(SolutionProperties) = preSolution
		HideSolutionNode = FALSE
	EndGlobalSection
	GlobalSection(ExtensibilityGlobals) = postSolution
		SolutionGuid = {CB515D2C-8EA8-4194-BE46-1FA5AB21F281}
	EndGlobalSection
EndGlobal
